
Microsoft Visual Studio Solution File, Format Version 12.00
# Visual Studio Version 16
VisualStudioVersion = 16.0.30104.148
MinimumVisualStudioVersion = 10.0.40219.1
Project("{FAE04EC0-301F-11D3-BF4B-00C04F79EFBC}") = "SFB.Web.ApplicationCore", "SFB.Web.ApplicationCore.csproj", "{C7D71B89-D508-43FA-8130-1266BAA6DDA9}"
EndProject
Global
	GlobalSection(SolutionConfigurationPlatforms) = preSolution
		Debug|Any CPU = Debug|Any CPU
		Release|Any CPU = Release|Any CPU
	EndGlobalSection
	GlobalSection(ProjectConfigurationPlatforms) = postSolution
		{C7D71B89-D508-43FA-8130-1266BAA6DDA9}.Debug|Any CPU.ActiveCfg = Debug|Any CPU
		{C7D71B89-D508-43FA-8130-1266BAA6DDA9}.Debug|Any CPU.Build.0 = Debug|Any CPU
		{C7D71B89-D508-43FA-8130-1266BAA6DDA9}.Release|Any CPU.ActiveCfg = Release|Any CPU
		{C7D71B89-D508-43FA-8130-1266BAA6DDA9}.Release|Any CPU.Build.0 = Release|Any CPU
	EndGlobalSection
	GlobalSection(SolutionProperties) = preSolution
		HideSolutionNode = FALSE
	EndGlobalSection
	GlobalSection(ExtensibilityGlobals) = postSolution
		SolutionGuid = {2242DCE6-1DE9-479C-8374-CF2383FE3E77}
	EndGlobalSection
EndGlobal
