
Microsoft Visual Studio Solution File, Format Version 12.00
# Visual Studio Version 16
VisualStudioVersion = 16.0.29905.134
MinimumVisualStudioVersion = 10.0.40219.1
Project("{FAE04EC0-301F-11D3-BF4B-00C04F79EFBC}") = "SFB.Web.Infrastructure", "SFB.Web.Infrastructure\SFB.Web.Infrastructure.csproj", "{933AECEE-A499-482D-B09B-A8864140B332}"
EndProject
Project("{FAE04EC0-301F-11D3-BF4B-00C04F79EFBC}") = "SFB.Web.ApplicationCore", "SFB.Web.ApplicationCore\SFB.Web.ApplicationCore.csproj", "{C7D71B89-D508-43FA-8130-1266BAA6DDA9}"
EndProject
Project("{9A19103F-16F7-4668-BE54-9A1E7A4F7556}") = "SFB.Web.Api", "SFB.Web.Api\SFB.Web.Api.csproj", "{AA5925C8-8A53-4409-AC81-B98A383895BD}"
EndProject
Global
	GlobalSection(SolutionConfigurationPlatforms) = preSolution
		Debug|Any CPU = Debug|Any CPU
		Release|Any CPU = Release|Any CPU
	EndGlobalSection
	GlobalSection(ProjectConfigurationPlatforms) = postSolution
		{933AECEE-A499-482D-B09B-A8864140B332}.Debug|Any CPU.ActiveCfg = Debug|Any CPU
		{933AECEE-A499-482D-B09B-A8864140B332}.Debug|Any CPU.Build.0 = Debug|Any CPU
		{933AECEE-A499-482D-B09B-A8864140B332}.Release|Any CPU.ActiveCfg = Release|Any CPU
		{933AECEE-A499-482D-B09B-A8864140B332}.Release|Any CPU.Build.0 = Release|Any CPU
		{C7D71B89-D508-43FA-8130-1266BAA6DDA9}.Debug|Any CPU.ActiveCfg = Debug|Any CPU
		{C7D71B89-D508-43FA-8130-1266BAA6DDA9}.Debug|Any CPU.Build.0 = Debug|Any CPU
		{C7D71B89-D508-43FA-8130-1266BAA6DDA9}.Release|Any CPU.ActiveCfg = Release|Any CPU
		{C7D71B89-D508-43FA-8130-1266BAA6DDA9}.Release|Any CPU.Build.0 = Release|Any CPU
		{AA5925C8-8A53-4409-AC81-B98A383895BD}.Debug|Any CPU.ActiveCfg = Debug|Any CPU
		{AA5925C8-8A53-4409-AC81-B98A383895BD}.Debug|Any CPU.Build.0 = Debug|Any CPU
		{AA5925C8-8A53-4409-AC81-B98A383895BD}.Release|Any CPU.ActiveCfg = Release|Any CPU
		{AA5925C8-8A53-4409-AC81-B98A383895BD}.Release|Any CPU.Build.0 = Release|Any CPU
	EndGlobalSection
	GlobalSection(SolutionProperties) = preSolution
		HideSolutionNode = FALSE
	EndGlobalSection
	GlobalSection(ExtensibilityGlobals) = postSolution
		SolutionGuid = {0ACB3F39-EEA7-4D36-ADF2-7060416CB994}
	EndGlobalSection
EndGlobal
